
Microsoft Visual Studio Solution File, Format Version 12.00
# Visual Studio Version 16
VisualStudioVersion = 16.0.32002.261
MinimumVisualStudioVersion = 10.0.40219.1
Project("{FAE04EC0-301F-11D3-BF4B-00C04F79EFBC}") = "ComputerModellingLib", "ComputerModellingLib\ComputerModellingLib.csproj", "{9774FDD3-5019-4C91-83B9-53C0A9D8FDE6}"
EndProject
Project("{FAE04EC0-301F-11D3-BF4B-00C04F79EFBC}") = "UsageExample", "UsageExample\UsageExample.csproj", "{B59801E5-B872-4420-8F5C-6111222B0F36}"
EndProject
Project("{FAE04EC0-301F-11D3-BF4B-00C04F79EFBC}") = "Tests", "Tests\Tests.csproj", "{0E6EB693-D684-49FC-A6E9-7824F5B9F800}"
EndProject
Global
	GlobalSection(SolutionConfigurationPlatforms) = preSolution
		Debug|Any CPU = Debug|Any CPU
		Release|Any CPU = Release|Any CPU
	EndGlobalSection
	GlobalSection(ProjectConfigurationPlatforms) = postSolution
		{9774FDD3-5019-4C91-83B9-53C0A9D8FDE6}.Debug|Any CPU.ActiveCfg = Debug|Any CPU
		{9774FDD3-5019-4C91-83B9-53C0A9D8FDE6}.Debug|Any CPU.Build.0 = Debug|Any CPU
		{9774FDD3-5019-4C91-83B9-53C0A9D8FDE6}.Release|Any CPU.ActiveCfg = Release|Any CPU
		{9774FDD3-5019-4C91-83B9-53C0A9D8FDE6}.Release|Any CPU.Build.0 = Release|Any CPU
		{B59801E5-B872-4420-8F5C-6111222B0F36}.Debug|Any CPU.ActiveCfg = Debug|Any CPU
		{B59801E5-B872-4420-8F5C-6111222B0F36}.Debug|Any CPU.Build.0 = Debug|Any CPU
		{B59801E5-B872-4420-8F5C-6111222B0F36}.Release|Any CPU.ActiveCfg = Release|Any CPU
		{B59801E5-B872-4420-8F5C-6111222B0F36}.Release|Any CPU.Build.0 = Release|Any CPU
		{0E6EB693-D684-49FC-A6E9-7824F5B9F800}.Debug|Any CPU.ActiveCfg = Debug|Any CPU
		{0E6EB693-D684-49FC-A6E9-7824F5B9F800}.Debug|Any CPU.Build.0 = Debug|Any CPU
		{0E6EB693-D684-49FC-A6E9-7824F5B9F800}.Release|Any CPU.ActiveCfg = Release|Any CPU
		{0E6EB693-D684-49FC-A6E9-7824F5B9F800}.Release|Any CPU.Build.0 = Release|Any CPU
	EndGlobalSection
	GlobalSection(SolutionProperties) = preSolution
		HideSolutionNode = FALSE
	EndGlobalSection
	GlobalSection(ExtensibilityGlobals) = postSolution
		SolutionGuid = {3281011B-B3EF-4329-A943-1471276BD03A}
	EndGlobalSection
EndGlobal
